
Microsoft Visual Studio Solution File, Format Version 12.00
# Visual Studio Version 16
VisualStudioVersion = 16.0.31702.278
MinimumVisualStudioVersion = 10.0.40219.1
Project("{9A19103F-16F7-4668-BE54-9A1E7A4F7556}") = "AllHomeworks", "AllHomeworks\AllHomeworks.csproj", "{74C50F72-0A01-492D-8697-DD7ED4247376}"
EndProject
Project("{9A19103F-16F7-4668-BE54-9A1E7A4F7556}") = "Homework1", "Homework1\Homework1.csproj", "{E8AFA9F5-3E4A-450C-A91E-05A57FE81D4C}"
EndProject
Project("{9A19103F-16F7-4668-BE54-9A1E7A4F7556}") = "Homework2", "Homework2\Homework2.csproj", "{2098C19C-4BDD-434D-A2B4-492A70306263}"
EndProject
Project("{9A19103F-16F7-4668-BE54-9A1E7A4F7556}") = "Homework3", "Homework3\Homework3.csproj", "{556D7B44-59A1-42DB-9A02-0B9361BD7A16}"
EndProject
Project("{9A19103F-16F7-4668-BE54-9A1E7A4F7556}") = "Homework4", "Homework4\Homework4.csproj", "{90D6AB66-4727-46D2-943C-F65367DBCAEA}"
EndProject
Project("{9A19103F-16F7-4668-BE54-9A1E7A4F7556}") = "Homework5", "Homework5\Homework5.csproj", "{14DF2C4B-9854-43FF-A2FE-991FD6F383F9}"
EndProject
Project("{9A19103F-16F7-4668-BE54-9A1E7A4F7556}") = "Homework1.Tests", "Homework1.Tests\Homework1.Tests.csproj", "{B0AEBD39-369F-445A-86E0-0B8C0504F408}"
EndProject
Project("{9A19103F-16F7-4668-BE54-9A1E7A4F7556}") = "Homework2.Tests", "Homework2.Tests\Homework2.Tests.csproj", "{9420A4A7-05B9-47ED-A512-ADC26FA156B2}"
EndProject
Project("{9A19103F-16F7-4668-BE54-9A1E7A4F7556}") = "Homework3.Tests", "Homework3.Tests\Homework3.Tests.csproj", "{D392BEA5-5ACD-4192-9BA9-315070F39D6E}"
EndProject
Project("{9A19103F-16F7-4668-BE54-9A1E7A4F7556}") = "Core", "Core\Core.csproj", "{95BAF0FC-E485-44B8-9837-A2423486B1BA}"
EndProject
Project("{9A19103F-16F7-4668-BE54-9A1E7A4F7556}") = "Homework4.Tests", "Homework4.Tests\Homework4.Tests.csproj", "{45776019-16C3-4D19-91D6-DF4409C14058}"
EndProject
Project("{9A19103F-16F7-4668-BE54-9A1E7A4F7556}") = "Homework5.Tests", "Homework5.Tests\Homework5.Tests.csproj", "{929D0F68-3091-456A-B01F-7EB6301BA1E8}"
EndProject
Project("{FAE04EC0-301F-11D3-BF4B-00C04F79EFBC}") = "ArrayListLibrary", "ArrayListLibrary\ArrayListLibrary.csproj", "{DE1208C4-5870-4A68-BDC3-A8A0B34B46E9}"
EndProject
Global
	GlobalSection(SolutionConfigurationPlatforms) = preSolution
		Debug|Any CPU = Debug|Any CPU
		Release|Any CPU = Release|Any CPU
	EndGlobalSection
	GlobalSection(ProjectConfigurationPlatforms) = postSolution
		{74C50F72-0A01-492D-8697-DD7ED4247376}.Debug|Any CPU.ActiveCfg = Debug|Any CPU
		{74C50F72-0A01-492D-8697-DD7ED4247376}.Debug|Any CPU.Build.0 = Debug|Any CPU
		{74C50F72-0A01-492D-8697-DD7ED4247376}.Release|Any CPU.ActiveCfg = Release|Any CPU
		{74C50F72-0A01-492D-8697-DD7ED4247376}.Release|Any CPU.Build.0 = Release|Any CPU
		{E8AFA9F5-3E4A-450C-A91E-05A57FE81D4C}.Debug|Any CPU.ActiveCfg = Debug|Any CPU
		{E8AFA9F5-3E4A-450C-A91E-05A57FE81D4C}.Debug|Any CPU.Build.0 = Debug|Any CPU
		{E8AFA9F5-3E4A-450C-A91E-05A57FE81D4C}.Release|Any CPU.ActiveCfg = Release|Any CPU
		{E8AFA9F5-3E4A-450C-A91E-05A57FE81D4C}.Release|Any CPU.Build.0 = Release|Any CPU
		{2098C19C-4BDD-434D-A2B4-492A70306263}.Debug|Any CPU.ActiveCfg = Debug|Any CPU
		{2098C19C-4BDD-434D-A2B4-492A70306263}.Debug|Any CPU.Build.0 = Debug|Any CPU
		{2098C19C-4BDD-434D-A2B4-492A70306263}.Release|Any CPU.ActiveCfg = Release|Any CPU
		{2098C19C-4BDD-434D-A2B4-492A70306263}.Release|Any CPU.Build.0 = Release|Any CPU
		{556D7B44-59A1-42DB-9A02-0B9361BD7A16}.Debug|Any CPU.ActiveCfg = Debug|Any CPU
		{556D7B44-59A1-42DB-9A02-0B9361BD7A16}.Debug|Any CPU.Build.0 = Debug|Any CPU
		{556D7B44-59A1-42DB-9A02-0B9361BD7A16}.Release|Any CPU.ActiveCfg = Release|Any CPU
		{556D7B44-59A1-42DB-9A02-0B9361BD7A16}.Release|Any CPU.Build.0 = Release|Any CPU
		{90D6AB66-4727-46D2-943C-F65367DBCAEA}.Debug|Any CPU.ActiveCfg = Debug|Any CPU
		{90D6AB66-4727-46D2-943C-F65367DBCAEA}.Debug|Any CPU.Build.0 = Debug|Any CPU
		{90D6AB66-4727-46D2-943C-F65367DBCAEA}.Release|Any CPU.ActiveCfg = Release|Any CPU
		{90D6AB66-4727-46D2-943C-F65367DBCAEA}.Release|Any CPU.Build.0 = Release|Any CPU
		{14DF2C4B-9854-43FF-A2FE-991FD6F383F9}.Debug|Any CPU.ActiveCfg = Debug|Any CPU
		{14DF2C4B-9854-43FF-A2FE-991FD6F383F9}.Debug|Any CPU.Build.0 = Debug|Any CPU
		{14DF2C4B-9854-43FF-A2FE-991FD6F383F9}.Release|Any CPU.ActiveCfg = Release|Any CPU
		{14DF2C4B-9854-43FF-A2FE-991FD6F383F9}.Release|Any CPU.Build.0 = Release|Any CPU
		{B0AEBD39-369F-445A-86E0-0B8C0504F408}.Debug|Any CPU.ActiveCfg = Debug|Any CPU
		{B0AEBD39-369F-445A-86E0-0B8C0504F408}.Debug|Any CPU.Build.0 = Debug|Any CPU
		{B0AEBD39-369F-445A-86E0-0B8C0504F408}.Release|Any CPU.ActiveCfg = Release|Any CPU
		{B0AEBD39-369F-445A-86E0-0B8C0504F408}.Release|Any CPU.Build.0 = Release|Any CPU
		{9420A4A7-05B9-47ED-A512-ADC26FA156B2}.Debug|Any CPU.ActiveCfg = Debug|Any CPU
		{9420A4A7-05B9-47ED-A512-ADC26FA156B2}.Debug|Any CPU.Build.0 = Debug|Any CPU
		{9420A4A7-05B9-47ED-A512-ADC26FA156B2}.Release|Any CPU.ActiveCfg = Release|Any CPU
		{9420A4A7-05B9-47ED-A512-ADC26FA156B2}.Release|Any CPU.Build.0 = Release|Any CPU
		{D392BEA5-5ACD-4192-9BA9-315070F39D6E}.Debug|Any CPU.ActiveCfg = Debug|Any CPU
		{D392BEA5-5ACD-4192-9BA9-315070F39D6E}.Debug|Any CPU.Build.0 = Debug|Any CPU
		{D392BEA5-5ACD-4192-9BA9-315070F39D6E}.Release|Any CPU.ActiveCfg = Release|Any CPU
		{D392BEA5-5ACD-4192-9BA9-315070F39D6E}.Release|Any CPU.Build.0 = Release|Any CPU
		{95BAF0FC-E485-44B8-9837-A2423486B1BA}.Debug|Any CPU.ActiveCfg = Debug|Any CPU
		{95BAF0FC-E485-44B8-9837-A2423486B1BA}.Debug|Any CPU.Build.0 = Debug|Any CPU
		{95BAF0FC-E485-44B8-9837-A2423486B1BA}.Release|Any CPU.ActiveCfg = Release|Any CPU
		{95BAF0FC-E485-44B8-9837-A2423486B1BA}.Release|Any CPU.Build.0 = Release|Any CPU
		{45776019-16C3-4D19-91D6-DF4409C14058}.Debug|Any CPU.ActiveCfg = Debug|Any CPU
		{45776019-16C3-4D19-91D6-DF4409C14058}.Debug|Any CPU.Build.0 = Debug|Any CPU
		{45776019-16C3-4D19-91D6-DF4409C14058}.Release|Any CPU.ActiveCfg = Release|Any CPU
		{45776019-16C3-4D19-91D6-DF4409C14058}.Release|Any CPU.Build.0 = Release|Any CPU
		{929D0F68-3091-456A-B01F-7EB6301BA1E8}.Debug|Any CPU.ActiveCfg = Debug|Any CPU
		{929D0F68-3091-456A-B01F-7EB6301BA1E8}.Debug|Any CPU.Build.0 = Debug|Any CPU
		{929D0F68-3091-456A-B01F-7EB6301BA1E8}.Release|Any CPU.ActiveCfg = Release|Any CPU
		{929D0F68-3091-456A-B01F-7EB6301BA1E8}.Release|Any CPU.Build.0 = Release|Any CPU
		{DE1208C4-5870-4A68-BDC3-A8A0B34B46E9}.Debug|Any CPU.ActiveCfg = Debug|Any CPU
		{DE1208C4-5870-4A68-BDC3-A8A0B34B46E9}.Debug|Any CPU.Build.0 = Debug|Any CPU
		{DE1208C4-5870-4A68-BDC3-A8A0B34B46E9}.Release|Any CPU.ActiveCfg = Release|Any CPU
		{DE1208C4-5870-4A68-BDC3-A8A0B34B46E9}.Release|Any CPU.Build.0 = Release|Any CPU
	EndGlobalSection
	GlobalSection(SolutionProperties) = preSolution
		HideSolutionNode = FALSE
	EndGlobalSection
	GlobalSection(ExtensibilityGlobals) = postSolution
		SolutionGuid = {DD9EEDF2-33A0-4DEF-BCF3-472B2B79CB86}
	EndGlobalSection
EndGlobal
